// !$*UTF8*$!
{
	archiveVersion = 1;
	classes = {
	};
	objectVersion = 56;
	objects = {

/* Begin PBXBuildFile section */
		CE1415D72A89DC2D0041728C /* HomeSensorsView.swift in Sources */ = {isa = PBXBuildFile; fileRef = CE1415D62A89DC2D0041728C /* HomeSensorsView.swift */; };
		CE1415D92A89DC4B0041728C /* HomeSensorsViewModel.swift in Sources */ = {isa = PBXBuildFile; fileRef = CE1415D82A89DC4B0041728C /* HomeSensorsViewModel.swift */; };
		CE1415DB2A8A63770041728C /* Sensor.swift in Sources */ = {isa = PBXBuildFile; fileRef = CE1415DA2A8A63770041728C /* Sensor.swift */; };
		CE44AB982A8D84F4004860B1 /* CoreDataService.swift in Sources */ = {isa = PBXBuildFile; fileRef = CE44AB972A8D84F4004860B1 /* CoreDataService.swift */; };
		CE44AB9A2A8D89FB004860B1 /* Error.swift in Sources */ = {isa = PBXBuildFile; fileRef = CE44AB992A8D89FB004860B1 /* Error.swift */; };
		CE5D84892A8BFCEC009B70D0 /* SwiftUIIntrospect in Frameworks */ = {isa = PBXBuildFile; productRef = CE5D84882A8BFCEC009B70D0 /* SwiftUIIntrospect */; };
		CE92B3682A8B262700EAB0EE /* Location.swift in Sources */ = {isa = PBXBuildFile; fileRef = CE92B3672A8B262700EAB0EE /* Location.swift */; };
		CE92B36A2A8B28C100EAB0EE /* Device.swift in Sources */ = {isa = PBXBuildFile; fileRef = CE92B3692A8B28C100EAB0EE /* Device.swift */; };
		CEAD0C882A9559E800B6F99D /* AutomationsView.swift in Sources */ = {isa = PBXBuildFile; fileRef = CEAD0C872A9559E800B6F99D /* AutomationsView.swift */; };
		CEAD0C8A2A955A3500B6F99D /* AutomationsViewModel.swift in Sources */ = {isa = PBXBuildFile; fileRef = CEAD0C892A955A3500B6F99D /* AutomationsViewModel.swift */; };
		CEBD95F42A86DD4A00FA046A /* HomeClient_iOSApp.swift in Sources */ = {isa = PBXBuildFile; fileRef = CEBD95F32A86DD4A00FA046A /* HomeClient_iOSApp.swift */; };
		CEBD95F62A86DD4A00FA046A /* ContentView.swift in Sources */ = {isa = PBXBuildFile; fileRef = CEBD95F52A86DD4A00FA046A /* ContentView.swift */; };
		CEBD95F82A86DD4B00FA046A /* Assets.xcassets in Resources */ = {isa = PBXBuildFile; fileRef = CEBD95F72A86DD4B00FA046A /* Assets.xcassets */; };
		CEBD95FB2A86DD4B00FA046A /* Preview Assets.xcassets in Resources */ = {isa = PBXBuildFile; fileRef = CEBD95FA2A86DD4B00FA046A /* Preview Assets.xcassets */; };
		CEBD96022A86E27500FA046A /* HomeLightView.swift in Sources */ = {isa = PBXBuildFile; fileRef = CEBD96012A86E27500FA046A /* HomeLightView.swift */; };
		CEBD96082A86E3AC00FA046A /* LightDevice.swift in Sources */ = {isa = PBXBuildFile; fileRef = CEBD96072A86E3AC00FA046A /* LightDevice.swift */; };
		CEBD960A2A86E40200FA046A /* DeviceManager.swift in Sources */ = {isa = PBXBuildFile; fileRef = CEBD96092A86E40200FA046A /* DeviceManager.swift */; };
		CEBD960C2A86E42200FA046A /* UDPService.swift in Sources */ = {isa = PBXBuildFile; fileRef = CEBD960B2A86E42200FA046A /* UDPService.swift */; };
		CEBD96102A86E56700FA046A /* HomeLightViewModel.swift in Sources */ = {isa = PBXBuildFile; fileRef = CEBD960F2A86E56700FA046A /* HomeLightViewModel.swift */; };
		CEBD96122A86E61600FA046A /* SettingsViewModel.swift in Sources */ = {isa = PBXBuildFile; fileRef = CEBD96112A86E61600FA046A /* SettingsViewModel.swift */; };
		CEBD96142A86EA9A00FA046A /* SettingsView.swift in Sources */ = {isa = PBXBuildFile; fileRef = CEBD96132A86EA9A00FA046A /* SettingsView.swift */; };
		CEBD96162A872EAB00FA046A /* LightDeviceCardView.swift in Sources */ = {isa = PBXBuildFile; fileRef = CEBD96152A872EAB00FA046A /* LightDeviceCardView.swift */; };
		CEBD961B2A88008100FA046A /* Background.swift in Sources */ = {isa = PBXBuildFile; fileRef = CEBD961A2A88008100FA046A /* Background.swift */; };
		CEC9A46F2A8D1C0F00C4B85D /* LocationFactory.swift in Sources */ = {isa = PBXBuildFile; fileRef = CEC9A46E2A8D1C0F00C4B85D /* LocationFactory.swift */; };
		CEC9A4732A8D814600C4B85D /* HomeClientCoreDataContainer.xcdatamodeld in Sources */ = {isa = PBXBuildFile; fileRef = CEC9A4712A8D814600C4B85D /* HomeClientCoreDataContainer.xcdatamodeld */; };
		CED64A252A96A44A008F9230 /* RGBLight.swift in Sources */ = {isa = PBXBuildFile; fileRef = CED64A242A96A44A008F9230 /* RGBLight.swift */; };
		CED64A272A97BB3A008F9230 /* BasicDevice.swift in Sources */ = {isa = PBXBuildFile; fileRef = CED64A262A97BB3A008F9230 /* BasicDevice.swift */; };
		CEE726652A93A28600A73847 /* TestView.swift in Sources */ = {isa = PBXBuildFile; fileRef = CEE726642A93A28600A73847 /* TestView.swift */; };
		CEE726672A94E5F600A73847 /* LocationView.swift in Sources */ = {isa = PBXBuildFile; fileRef = CEE726662A94E5F600A73847 /* LocationView.swift */; };
		CEF915032A91860100570EF7 /* DeviceFactory.swift in Sources */ = {isa = PBXBuildFile; fileRef = CEF915022A91860100570EF7 /* DeviceFactory.swift */; };
/* End PBXBuildFile section */

/* Begin PBXFileReference section */
		CE1415D62A89DC2D0041728C /* HomeSensorsView.swift */ = {isa = PBXFileReference; lastKnownFileType = sourcecode.swift; path = HomeSensorsView.swift; sourceTree = "<group>"; };
		CE1415D82A89DC4B0041728C /* HomeSensorsViewModel.swift */ = {isa = PBXFileReference; lastKnownFileType = sourcecode.swift; path = HomeSensorsViewModel.swift; sourceTree = "<group>"; };
		CE1415DA2A8A63770041728C /* Sensor.swift */ = {isa = PBXFileReference; lastKnownFileType = sourcecode.swift; path = Sensor.swift; sourceTree = "<group>"; };
		CE44AB972A8D84F4004860B1 /* CoreDataService.swift */ = {isa = PBXFileReference; lastKnownFileType = sourcecode.swift; path = CoreDataService.swift; sourceTree = "<group>"; };
		CE44AB992A8D89FB004860B1 /* Error.swift */ = {isa = PBXFileReference; fileEncoding = 4; lastKnownFileType = sourcecode.swift; path = Error.swift; sourceTree = "<group>"; };
		CE92B3672A8B262700EAB0EE /* Location.swift */ = {isa = PBXFileReference; lastKnownFileType = sourcecode.swift; path = Location.swift; sourceTree = "<group>"; };
		CE92B3692A8B28C100EAB0EE /* Device.swift */ = {isa = PBXFileReference; lastKnownFileType = sourcecode.swift; path = Device.swift; sourceTree = "<group>"; };
		CEAD0C872A9559E800B6F99D /* AutomationsView.swift */ = {isa = PBXFileReference; lastKnownFileType = sourcecode.swift; path = AutomationsView.swift; sourceTree = "<group>"; };
		CEAD0C892A955A3500B6F99D /* AutomationsViewModel.swift */ = {isa = PBXFileReference; lastKnownFileType = sourcecode.swift; path = AutomationsViewModel.swift; sourceTree = "<group>"; };
		CEBD95F02A86DD4A00FA046A /* HomeClient-iOS.app */ = {isa = PBXFileReference; explicitFileType = wrapper.application; includeInIndex = 0; path = "HomeClient-iOS.app"; sourceTree = BUILT_PRODUCTS_DIR; };
		CEBD95F32A86DD4A00FA046A /* HomeClient_iOSApp.swift */ = {isa = PBXFileReference; lastKnownFileType = sourcecode.swift; path = HomeClient_iOSApp.swift; sourceTree = "<group>"; };
		CEBD95F52A86DD4A00FA046A /* ContentView.swift */ = {isa = PBXFileReference; lastKnownFileType = sourcecode.swift; path = ContentView.swift; sourceTree = "<group>"; };
		CEBD95F72A86DD4B00FA046A /* Assets.xcassets */ = {isa = PBXFileReference; lastKnownFileType = folder.assetcatalog; path = Assets.xcassets; sourceTree = "<group>"; };
		CEBD95FA2A86DD4B00FA046A /* Preview Assets.xcassets */ = {isa = PBXFileReference; lastKnownFileType = folder.assetcatalog; path = "Preview Assets.xcassets"; sourceTree = "<group>"; };
		CEBD96012A86E27500FA046A /* HomeLightView.swift */ = {isa = PBXFileReference; lastKnownFileType = sourcecode.swift; path = HomeLightView.swift; sourceTree = "<group>"; };
		CEBD96072A86E3AC00FA046A /* LightDevice.swift */ = {isa = PBXFileReference; lastKnownFileType = sourcecode.swift; path = LightDevice.swift; sourceTree = "<group>"; };
		CEBD96092A86E40200FA046A /* DeviceManager.swift */ = {isa = PBXFileReference; lastKnownFileType = sourcecode.swift; path = DeviceManager.swift; sourceTree = "<group>"; };
		CEBD960B2A86E42200FA046A /* UDPService.swift */ = {isa = PBXFileReference; lastKnownFileType = sourcecode.swift; path = UDPService.swift; sourceTree = "<group>"; };
		CEBD960F2A86E56700FA046A /* HomeLightViewModel.swift */ = {isa = PBXFileReference; lastKnownFileType = sourcecode.swift; path = HomeLightViewModel.swift; sourceTree = "<group>"; };
		CEBD96112A86E61600FA046A /* SettingsViewModel.swift */ = {isa = PBXFileReference; lastKnownFileType = sourcecode.swift; path = SettingsViewModel.swift; sourceTree = "<group>"; };
		CEBD96132A86EA9A00FA046A /* SettingsView.swift */ = {isa = PBXFileReference; lastKnownFileType = sourcecode.swift; path = SettingsView.swift; sourceTree = "<group>"; };
		CEBD96152A872EAB00FA046A /* LightDeviceCardView.swift */ = {isa = PBXFileReference; lastKnownFileType = sourcecode.swift; path = LightDeviceCardView.swift; sourceTree = "<group>"; };
		CEBD961A2A88008100FA046A /* Background.swift */ = {isa = PBXFileReference; lastKnownFileType = sourcecode.swift; path = Background.swift; sourceTree = "<group>"; };
		CEC9A46E2A8D1C0F00C4B85D /* LocationFactory.swift */ = {isa = PBXFileReference; lastKnownFileType = sourcecode.swift; path = LocationFactory.swift; sourceTree = "<group>"; };
		CEC9A4722A8D814600C4B85D /* DeviceCoreDataModel.xcdatamodel */ = {isa = PBXFileReference; lastKnownFileType = wrapper.xcdatamodel; path = DeviceCoreDataModel.xcdatamodel; sourceTree = "<group>"; };
		CED64A242A96A44A008F9230 /* RGBLight.swift */ = {isa = PBXFileReference; lastKnownFileType = sourcecode.swift; path = RGBLight.swift; sourceTree = "<group>"; };
		CED64A262A97BB3A008F9230 /* BasicDevice.swift */ = {isa = PBXFileReference; lastKnownFileType = sourcecode.swift; path = BasicDevice.swift; sourceTree = "<group>"; };
		CEE726642A93A28600A73847 /* TestView.swift */ = {isa = PBXFileReference; lastKnownFileType = sourcecode.swift; path = TestView.swift; sourceTree = "<group>"; };
		CEE726662A94E5F600A73847 /* LocationView.swift */ = {isa = PBXFileReference; lastKnownFileType = sourcecode.swift; path = LocationView.swift; sourceTree = "<group>"; };
		CEF915022A91860100570EF7 /* DeviceFactory.swift */ = {isa = PBXFileReference; lastKnownFileType = sourcecode.swift; path = DeviceFactory.swift; sourceTree = "<group>"; };
/* End PBXFileReference section */

/* Begin PBXFrameworksBuildPhase section */
		CEBD95ED2A86DD4A00FA046A /* Frameworks */ = {
			isa = PBXFrameworksBuildPhase;
			buildActionMask = 2147483647;
			files = (
				CE5D84892A8BFCEC009B70D0 /* SwiftUIIntrospect in Frameworks */,
			);
			runOnlyForDeploymentPostprocessing = 0;
		};
/* End PBXFrameworksBuildPhase section */

/* Begin PBXGroup section */
		CE92B36B2A8B2DC600EAB0EE /* Devices */ = {
			isa = PBXGroup;
			children = (
				CE92B3692A8B28C100EAB0EE /* Device.swift */,
				CED64A262A97BB3A008F9230 /* BasicDevice.swift */,
				CEBD96072A86E3AC00FA046A /* LightDevice.swift */,
				CED64A242A96A44A008F9230 /* RGBLight.swift */,
				CE1415DA2A8A63770041728C /* Sensor.swift */,
			);
			path = Devices;
			sourceTree = "<group>";
		};
		CEBD95E72A86DD4A00FA046A = {
			isa = PBXGroup;
			children = (
				CEBD95F22A86DD4A00FA046A /* HomeClient-iOS */,
				CEBD95F12A86DD4A00FA046A /* Products */,
			);
			sourceTree = "<group>";
		};
		CEBD95F12A86DD4A00FA046A /* Products */ = {
			isa = PBXGroup;
			children = (
				CEBD95F02A86DD4A00FA046A /* HomeClient-iOS.app */,
			);
			name = Products;
			sourceTree = "<group>";
		};
		CEBD95F22A86DD4A00FA046A /* HomeClient-iOS */ = {
			isa = PBXGroup;
			children = (
				CEBD96172A87CF3800FA046A /* Modifiers */,
				CEBD96062A86E37600FA046A /* Services */,
				CEBD96052A86E36300FA046A /* ViewModels */,
				CEBD96042A86E34D00FA046A /* Models */,
				CEBD96032A86E34400FA046A /* Views */,
				CEBD95F32A86DD4A00FA046A /* HomeClient_iOSApp.swift */,
				CEBD95F72A86DD4B00FA046A /* Assets.xcassets */,
				CEBD95F92A86DD4B00FA046A /* Preview Content */,
			);
			path = "HomeClient-iOS";
			sourceTree = "<group>";
		};
		CEBD95F92A86DD4B00FA046A /* Preview Content */ = {
			isa = PBXGroup;
			children = (
				CEBD95FA2A86DD4B00FA046A /* Preview Assets.xcassets */,
			);
			path = "Preview Content";
			sourceTree = "<group>";
		};
		CEBD96032A86E34400FA046A /* Views */ = {
			isa = PBXGroup;
			children = (
				CEAD0C872A9559E800B6F99D /* AutomationsView.swift */,
				CEBD961A2A88008100FA046A /* Background.swift */,
				CEBD95F52A86DD4A00FA046A /* ContentView.swift */,
				CEBD96012A86E27500FA046A /* HomeLightView.swift */,
				CE1415D62A89DC2D0041728C /* HomeSensorsView.swift */,
				CEBD96152A872EAB00FA046A /* LightDeviceCardView.swift */,
				CEE726662A94E5F600A73847 /* LocationView.swift */,
				CEBD96132A86EA9A00FA046A /* SettingsView.swift */,
				CEE726642A93A28600A73847 /* TestView.swift */,
			);
			path = Views;
			sourceTree = "<group>";
		};
		CEBD96042A86E34D00FA046A /* Models */ = {
			isa = PBXGroup;
			children = (
				CEC9A4702A8D812400C4B85D /* CoreData */,
				CE92B36B2A8B2DC600EAB0EE /* Devices */,
				CE92B3672A8B262700EAB0EE /* Location.swift */,
				CE44AB992A8D89FB004860B1 /* Error.swift */,
			);
			path = Models;
			sourceTree = "<group>";
		};
		CEBD96052A86E36300FA046A /* ViewModels */ = {
			isa = PBXGroup;
			children = (
				CEBD960F2A86E56700FA046A /* HomeLightViewModel.swift */,
				CEBD96112A86E61600FA046A /* SettingsViewModel.swift */,
				CE1415D82A89DC4B0041728C /* HomeSensorsViewModel.swift */,
				CEAD0C892A955A3500B6F99D /* AutomationsViewModel.swift */,
			);
			path = ViewModels;
			sourceTree = "<group>";
		};
		CEBD96062A86E37600FA046A /* Services */ = {
			isa = PBXGroup;
			children = (
				CEBD96092A86E40200FA046A /* DeviceManager.swift */,
				CEBD960B2A86E42200FA046A /* UDPService.swift */,
				CEF915022A91860100570EF7 /* DeviceFactory.swift */,
				CEC9A46E2A8D1C0F00C4B85D /* LocationFactory.swift */,
				CE44AB972A8D84F4004860B1 /* CoreDataService.swift */,
			);
			path = Services;
			sourceTree = "<group>";
		};
		CEBD96172A87CF3800FA046A /* Modifiers */ = {
			isa = PBXGroup;
			children = (
			);
			path = Modifiers;
			sourceTree = "<group>";
		};
		CEC9A4702A8D812400C4B85D /* CoreData */ = {
			isa = PBXGroup;
			children = (
				CEC9A4712A8D814600C4B85D /* HomeClientCoreDataContainer.xcdatamodeld */,
			);
			path = CoreData;
			sourceTree = "<group>";
		};
/* End PBXGroup section */

/* Begin PBXNativeTarget section */
		CEBD95EF2A86DD4A00FA046A /* HomeClient-iOS */ = {
			isa = PBXNativeTarget;
			buildConfigurationList = CEBD95FE2A86DD4B00FA046A /* Build configuration list for PBXNativeTarget "HomeClient-iOS" */;
			buildPhases = (
				CEBD95EC2A86DD4A00FA046A /* Sources */,
				CEBD95ED2A86DD4A00FA046A /* Frameworks */,
				CEBD95EE2A86DD4A00FA046A /* Resources */,
			);
			buildRules = (
			);
			dependencies = (
			);
			name = "HomeClient-iOS";
			packageProductDependencies = (
				CE5D84882A8BFCEC009B70D0 /* SwiftUIIntrospect */,
			);
			productName = "HomeClient-iOS";
			productReference = CEBD95F02A86DD4A00FA046A /* HomeClient-iOS.app */;
			productType = "com.apple.product-type.application";
		};
/* End PBXNativeTarget section */

/* Begin PBXProject section */
		CEBD95E82A86DD4A00FA046A /* Project object */ = {
			isa = PBXProject;
			attributes = {
				BuildIndependentTargetsInParallel = 1;
				LastSwiftUpdateCheck = 1420;
				LastUpgradeCheck = 1420;
				TargetAttributes = {
					CEBD95EF2A86DD4A00FA046A = {
						CreatedOnToolsVersion = 14.2;
					};
				};
			};
			buildConfigurationList = CEBD95EB2A86DD4A00FA046A /* Build configuration list for PBXProject "HomeClient-iOS" */;
			compatibilityVersion = "Xcode 14.0";
			developmentRegion = en;
			hasScannedForEncodings = 0;
			knownRegions = (
				en,
				Base,
			);
			mainGroup = CEBD95E72A86DD4A00FA046A;
			packageReferences = (
				CE5D84872A8BFCEC009B70D0 /* XCRemoteSwiftPackageReference "swiftui-introspect" */,
			);
			productRefGroup = CEBD95F12A86DD4A00FA046A /* Products */;
			projectDirPath = "";
			projectRoot = "";
			targets = (
				CEBD95EF2A86DD4A00FA046A /* HomeClient-iOS */,
			);
		};
/* End PBXProject section */

/* Begin PBXResourcesBuildPhase section */
		CEBD95EE2A86DD4A00FA046A /* Resources */ = {
			isa = PBXResourcesBuildPhase;
			buildActionMask = 2147483647;
			files = (
				CEBD95FB2A86DD4B00FA046A /* Preview Assets.xcassets in Resources */,
				CEBD95F82A86DD4B00FA046A /* Assets.xcassets in Resources */,
			);
			runOnlyForDeploymentPostprocessing = 0;
		};
/* End PBXResourcesBuildPhase section */

/* Begin PBXSourcesBuildPhase section */
		CEBD95EC2A86DD4A00FA046A /* Sources */ = {
			isa = PBXSourcesBuildPhase;
			buildActionMask = 2147483647;
			files = (
				CEBD96022A86E27500FA046A /* HomeLightView.swift in Sources */,
				CEAD0C882A9559E800B6F99D /* AutomationsView.swift in Sources */,
				CE1415DB2A8A63770041728C /* Sensor.swift in Sources */,
				CEAD0C8A2A955A3500B6F99D /* AutomationsViewModel.swift in Sources */,
				CEE726652A93A28600A73847 /* TestView.swift in Sources */,
				CE1415D92A89DC4B0041728C /* HomeSensorsViewModel.swift in Sources */,
				CEC9A4732A8D814600C4B85D /* HomeClientCoreDataContainer.xcdatamodeld in Sources */,
				CE92B36A2A8B28C100EAB0EE /* Device.swift in Sources */,
				CEBD95F62A86DD4A00FA046A /* ContentView.swift in Sources */,
				CEBD96102A86E56700FA046A /* HomeLightViewModel.swift in Sources */,
				CE44AB982A8D84F4004860B1 /* CoreDataService.swift in Sources */,
				CE92B3682A8B262700EAB0EE /* Location.swift in Sources */,
				CEBD960C2A86E42200FA046A /* UDPService.swift in Sources */,
				CE1415D72A89DC2D0041728C /* HomeSensorsView.swift in Sources */,
				CED64A252A96A44A008F9230 /* RGBLight.swift in Sources */,
				CED64A272A97BB3A008F9230 /* BasicDevice.swift in Sources */,
				CEF915032A91860100570EF7 /* DeviceFactory.swift in Sources */,
				CEBD95F42A86DD4A00FA046A /* HomeClient_iOSApp.swift in Sources */,
				CEE726672A94E5F600A73847 /* LocationView.swift in Sources */,
				CEBD96142A86EA9A00FA046A /* SettingsView.swift in Sources */,
				CEBD960A2A86E40200FA046A /* DeviceManager.swift in Sources */,
				CEBD96162A872EAB00FA046A /* LightDeviceCardView.swift in Sources */,
				CEBD96082A86E3AC00FA046A /* LightDevice.swift in Sources */,
				CEC9A46F2A8D1C0F00C4B85D /* LocationFactory.swift in Sources */,
				CEBD961B2A88008100FA046A /* Background.swift in Sources */,
				CE44AB9A2A8D89FB004860B1 /* Error.swift in Sources */,
				CEBD96122A86E61600FA046A /* SettingsViewModel.swift in Sources */,
			);
			runOnlyForDeploymentPostprocessing = 0;
		};
/* End PBXSourcesBuildPhase section */

/* Begin XCBuildConfiguration section */
		CEBD95FC2A86DD4B00FA046A /* Debug */ = {
			isa = XCBuildConfiguration;
			buildSettings = {
				ALWAYS_SEARCH_USER_PATHS = NO;
				CLANG_ANALYZER_NONNULL = YES;
				CLANG_ANALYZER_NUMBER_OBJECT_CONVERSION = YES_AGGRESSIVE;
				CLANG_CXX_LANGUAGE_STANDARD = "gnu++20";
				CLANG_ENABLE_MODULES = YES;
				CLANG_ENABLE_OBJC_ARC = YES;
				CLANG_ENABLE_OBJC_WEAK = YES;
				CLANG_WARN_BLOCK_CAPTURE_AUTORELEASING = YES;
				CLANG_WARN_BOOL_CONVERSION = YES;
				CLANG_WARN_COMMA = YES;
				CLANG_WARN_CONSTANT_CONVERSION = YES;
				CLANG_WARN_DEPRECATED_OBJC_IMPLEMENTATIONS = YES;
				CLANG_WARN_DIRECT_OBJC_ISA_USAGE = YES_ERROR;
				CLANG_WARN_DOCUMENTATION_COMMENTS = YES;
				CLANG_WARN_EMPTY_BODY = YES;
				CLANG_WARN_ENUM_CONVERSION = YES;
				CLANG_WARN_INFINITE_RECURSION = YES;
				CLANG_WARN_INT_CONVERSION = YES;
				CLANG_WARN_NON_LITERAL_NULL_CONVERSION = YES;
				CLANG_WARN_OBJC_IMPLICIT_RETAIN_SELF = YES;
				CLANG_WARN_OBJC_LITERAL_CONVERSION = YES;
				CLANG_WARN_OBJC_ROOT_CLASS = YES_ERROR;
				CLANG_WARN_QUOTED_INCLUDE_IN_FRAMEWORK_HEADER = YES;
				CLANG_WARN_RANGE_LOOP_ANALYSIS = YES;
				CLANG_WARN_STRICT_PROTOTYPES = YES;
				CLANG_WARN_SUSPICIOUS_MOVE = YES;
				CLANG_WARN_UNGUARDED_AVAILABILITY = YES_AGGRESSIVE;
				CLANG_WARN_UNREACHABLE_CODE = YES;
				CLANG_WARN__DUPLICATE_METHOD_MATCH = YES;
				COPY_PHASE_STRIP = NO;
				DEBUG_INFORMATION_FORMAT = dwarf;
				ENABLE_STRICT_OBJC_MSGSEND = YES;
				ENABLE_TESTABILITY = YES;
				GCC_C_LANGUAGE_STANDARD = gnu11;
				GCC_DYNAMIC_NO_PIC = NO;
				GCC_NO_COMMON_BLOCKS = YES;
				GCC_OPTIMIZATION_LEVEL = 0;
				GCC_PREPROCESSOR_DEFINITIONS = (
					"DEBUG=1",
					"$(inherited)",
				);
				GCC_WARN_64_TO_32_BIT_CONVERSION = YES;
				GCC_WARN_ABOUT_RETURN_TYPE = YES_ERROR;
				GCC_WARN_UNDECLARED_SELECTOR = YES;
				GCC_WARN_UNINITIALIZED_AUTOS = YES_AGGRESSIVE;
				GCC_WARN_UNUSED_FUNCTION = YES;
				GCC_WARN_UNUSED_VARIABLE = YES;
				IPHONEOS_DEPLOYMENT_TARGET = 16.2;
				MTL_ENABLE_DEBUG_INFO = INCLUDE_SOURCE;
				MTL_FAST_MATH = YES;
				ONLY_ACTIVE_ARCH = YES;
				SDKROOT = iphoneos;
				SWIFT_ACTIVE_COMPILATION_CONDITIONS = DEBUG;
				SWIFT_OPTIMIZATION_LEVEL = "-Onone";
			};
			name = Debug;
		};
		CEBD95FD2A86DD4B00FA046A /* Release */ = {
			isa = XCBuildConfiguration;
			buildSettings = {
				ALWAYS_SEARCH_USER_PATHS = NO;
				CLANG_ANALYZER_NONNULL = YES;
				CLANG_ANALYZER_NUMBER_OBJECT_CONVERSION = YES_AGGRESSIVE;
				CLANG_CXX_LANGUAGE_STANDARD = "gnu++20";
				CLANG_ENABLE_MODULES = YES;
				CLANG_ENABLE_OBJC_ARC = YES;
				CLANG_ENABLE_OBJC_WEAK = YES;
				CLANG_WARN_BLOCK_CAPTURE_AUTORELEASING = YES;
				CLANG_WARN_BOOL_CONVERSION = YES;
				CLANG_WARN_COMMA = YES;
				CLANG_WARN_CONSTANT_CONVERSION = YES;
				CLANG_WARN_DEPRECATED_OBJC_IMPLEMENTATIONS = YES;
				CLANG_WARN_DIRECT_OBJC_ISA_USAGE = YES_ERROR;
				CLANG_WARN_DOCUMENTATION_COMMENTS = YES;
				CLANG_WARN_EMPTY_BODY = YES;
				CLANG_WARN_ENUM_CONVERSION = YES;
				CLANG_WARN_INFINITE_RECURSION = YES;
				CLANG_WARN_INT_CONVERSION = YES;
				CLANG_WARN_NON_LITERAL_NULL_CONVERSION = YES;
				CLANG_WARN_OBJC_IMPLICIT_RETAIN_SELF = YES;
				CLANG_WARN_OBJC_LITERAL_CONVERSION = YES;
				CLANG_WARN_OBJC_ROOT_CLASS = YES_ERROR;
				CLANG_WARN_QUOTED_INCLUDE_IN_FRAMEWORK_HEADER = YES;
				CLANG_WARN_RANGE_LOOP_ANALYSIS = YES;
				CLANG_WARN_STRICT_PROTOTYPES = YES;
				CLANG_WARN_SUSPICIOUS_MOVE = YES;
				CLANG_WARN_UNGUARDED_AVAILABILITY = YES_AGGRESSIVE;
				CLANG_WARN_UNREACHABLE_CODE = YES;
				CLANG_WARN__DUPLICATE_METHOD_MATCH = YES;
				COPY_PHASE_STRIP = NO;
				DEBUG_INFORMATION_FORMAT = "dwarf-with-dsym";
				ENABLE_NS_ASSERTIONS = NO;
				ENABLE_STRICT_OBJC_MSGSEND = YES;
				GCC_C_LANGUAGE_STANDARD = gnu11;
				GCC_NO_COMMON_BLOCKS = YES;
				GCC_WARN_64_TO_32_BIT_CONVERSION = YES;
				GCC_WARN_ABOUT_RETURN_TYPE = YES_ERROR;
				GCC_WARN_UNDECLARED_SELECTOR = YES;
				GCC_WARN_UNINITIALIZED_AUTOS = YES_AGGRESSIVE;
				GCC_WARN_UNUSED_FUNCTION = YES;
				GCC_WARN_UNUSED_VARIABLE = YES;
				IPHONEOS_DEPLOYMENT_TARGET = 16.2;
				MTL_ENABLE_DEBUG_INFO = NO;
				MTL_FAST_MATH = YES;
				SDKROOT = iphoneos;
				SWIFT_COMPILATION_MODE = wholemodule;
				SWIFT_OPTIMIZATION_LEVEL = "-O";
				VALIDATE_PRODUCT = YES;
			};
			name = Release;
		};
		CEBD95FF2A86DD4B00FA046A /* Debug */ = {
			isa = XCBuildConfiguration;
			buildSettings = {
				ASSETCATALOG_COMPILER_APPICON_NAME = AppIcon;
				ASSETCATALOG_COMPILER_GLOBAL_ACCENT_COLOR_NAME = AccentColor;
				CODE_SIGN_STYLE = Automatic;
				CURRENT_PROJECT_VERSION = 1;
				DEVELOPMENT_ASSET_PATHS = "\"HomeClient-iOS/Preview Content\"";
				DEVELOPMENT_TEAM = U537EV56Z3;
				ENABLE_PREVIEWS = YES;
				GENERATE_INFOPLIST_FILE = YES;
				INFOPLIST_KEY_UIApplicationSceneManifest_Generation = YES;
				INFOPLIST_KEY_UIApplicationSupportsIndirectInputEvents = YES;
				INFOPLIST_KEY_UILaunchScreen_Generation = YES;
				INFOPLIST_KEY_UISupportedInterfaceOrientations_iPad = "UIInterfaceOrientationPortrait UIInterfaceOrientationPortraitUpsideDown UIInterfaceOrientationLandscapeLeft UIInterfaceOrientationLandscapeRight";
				INFOPLIST_KEY_UISupportedInterfaceOrientations_iPhone = "UIInterfaceOrientationPortrait UIInterfaceOrientationLandscapeLeft UIInterfaceOrientationLandscapeRight";
				IPHONEOS_DEPLOYMENT_TARGET = 16.0;
				LD_RUNPATH_SEARCH_PATHS = (
					"$(inherited)",
					"@executable_path/Frameworks",
				);
				MARKETING_VERSION = 1.0;
				PRODUCT_BUNDLE_IDENTIFIER = "com.purpleclique.HomeClient-iOS";
				PRODUCT_NAME = "$(TARGET_NAME)";
				SWIFT_EMIT_LOC_STRINGS = YES;
				SWIFT_VERSION = 5.0;
				TARGETED_DEVICE_FAMILY = "1,2";
			};
			name = Debug;
		};
		CEBD96002A86DD4B00FA046A /* Release */ = {
			isa = XCBuildConfiguration;
			buildSettings = {
				ASSETCATALOG_COMPILER_APPICON_NAME = AppIcon;
				ASSETCATALOG_COMPILER_GLOBAL_ACCENT_COLOR_NAME = AccentColor;
				CODE_SIGN_STYLE = Automatic;
				CURRENT_PROJECT_VERSION = 1;
				DEVELOPMENT_ASSET_PATHS = "\"HomeClient-iOS/Preview Content\"";
				DEVELOPMENT_TEAM = U537EV56Z3;
				ENABLE_PREVIEWS = YES;
				GENERATE_INFOPLIST_FILE = YES;
				INFOPLIST_KEY_UIApplicationSceneManifest_Generation = YES;
				INFOPLIST_KEY_UIApplicationSupportsIndirectInputEvents = YES;
				INFOPLIST_KEY_UILaunchScreen_Generation = YES;
				INFOPLIST_KEY_UISupportedInterfaceOrientations_iPad = "UIInterfaceOrientationPortrait UIInterfaceOrientationPortraitUpsideDown UIInterfaceOrientationLandscapeLeft UIInterfaceOrientationLandscapeRight";
				INFOPLIST_KEY_UISupportedInterfaceOrientations_iPhone = "UIInterfaceOrientationPortrait UIInterfaceOrientationLandscapeLeft UIInterfaceOrientationLandscapeRight";
				IPHONEOS_DEPLOYMENT_TARGET = 16.0;
				LD_RUNPATH_SEARCH_PATHS = (
					"$(inherited)",
					"@executable_path/Frameworks",
				);
				MARKETING_VERSION = 1.0;
				PRODUCT_BUNDLE_IDENTIFIER = "com.purpleclique.HomeClient-iOS";
				PRODUCT_NAME = "$(TARGET_NAME)";
				SWIFT_EMIT_LOC_STRINGS = YES;
				SWIFT_VERSION = 5.0;
				TARGETED_DEVICE_FAMILY = "1,2";
			};
			name = Release;
		};
/* End XCBuildConfiguration section */

/* Begin XCConfigurationList section */
		CEBD95EB2A86DD4A00FA046A /* Build configuration list for PBXProject "HomeClient-iOS" */ = {
			isa = XCConfigurationList;
			buildConfigurations = (
				CEBD95FC2A86DD4B00FA046A /* Debug */,
				CEBD95FD2A86DD4B00FA046A /* Release */,
			);
			defaultConfigurationIsVisible = 0;
			defaultConfigurationName = Release;
		};
		CEBD95FE2A86DD4B00FA046A /* Build configuration list for PBXNativeTarget "HomeClient-iOS" */ = {
			isa = XCConfigurationList;
			buildConfigurations = (
				CEBD95FF2A86DD4B00FA046A /* Debug */,
				CEBD96002A86DD4B00FA046A /* Release */,
			);
			defaultConfigurationIsVisible = 0;
			defaultConfigurationName = Release;
		};
/* End XCConfigurationList section */

/* Begin XCRemoteSwiftPackageReference section */
		CE5D84872A8BFCEC009B70D0 /* XCRemoteSwiftPackageReference "swiftui-introspect" */ = {
			isa = XCRemoteSwiftPackageReference;
			repositoryURL = "https://github.com/siteline/swiftui-introspect";
			requirement = {
				kind = upToNextMajorVersion;
				minimumVersion = 0.10.0;
			};
		};
/* End XCRemoteSwiftPackageReference section */

/* Begin XCSwiftPackageProductDependency section */
		CE5D84882A8BFCEC009B70D0 /* SwiftUIIntrospect */ = {
			isa = XCSwiftPackageProductDependency;
			package = CE5D84872A8BFCEC009B70D0 /* XCRemoteSwiftPackageReference "swiftui-introspect" */;
			productName = SwiftUIIntrospect;
		};
/* End XCSwiftPackageProductDependency section */

/* Begin XCVersionGroup section */
		CEC9A4712A8D814600C4B85D /* HomeClientCoreDataContainer.xcdatamodeld */ = {
			isa = XCVersionGroup;
			children = (
				CEC9A4722A8D814600C4B85D /* DeviceCoreDataModel.xcdatamodel */,
			);
			currentVersion = CEC9A4722A8D814600C4B85D /* DeviceCoreDataModel.xcdatamodel */;
			path = HomeClientCoreDataContainer.xcdatamodeld;
			sourceTree = "<group>";
			versionGroupType = wrapper.xcdatamodel;
		};
/* End XCVersionGroup section */
	};
	rootObject = CEBD95E82A86DD4A00FA046A /* Project object */;
}
